<Solution>
  <Project Path="Devices.Api/Devices.Api.csproj" />
  <Project Path="Devices.Application/Devices.Application.csproj" />
  <Project Path="Devices.Domain/Devices.Domain.csproj" />
  <Project Path="Devices.Infrastructure/Devices.Infrastructure.csproj" />
  <Project Path="Devices.Test/Devices.Test.csproj" />
</Solution>
